{
  "name": "private-personalization",
  "version": "1.0.0",
  "lockfileVersion": 1,
  "requires": true,
  "dependencies": {
    "nbayes": {
      "version": "3.0.2",
      "resolved": "https://registry.npmjs.org/nbayes/-/nbayes-3.0.2.tgz",
      "integrity": "sha1-lhqf5nFRnD2Vk4wq96uUeV17nJg=",
      "requires": {
        "word-regex": "0.1.2"
      }
    },
    "word-regex": {
      "version": "0.1.2",
      "resolved": "https://registry.npmjs.org/word-regex/-/word-regex-0.1.2.tgz",
      "integrity": "sha1-o7x/LSIs5Kk8JGw+9pRY9h9RFjk="
    }
  }
}
